// !$*UTF8*$!
{
	archiveVersion = 1;
	classes = {
	};
	objectVersion = 51;
	objects = {

/* Begin PBXBuildFile section */
		0CCCC980C1F7BFC7EDA8164D /* Pods_SwitchCraft.framework in Frameworks */ = {isa = PBXBuildFile; fileRef = B9228CA0A0E9220682FC01C3 /* Pods_SwitchCraft.framework */; };
		A5478539238869C500FB3306 /* AppDelegate.swift in Sources */ = {isa = PBXBuildFile; fileRef = A5478538238869C500FB3306 /* AppDelegate.swift */; };
		A547853B238869C500FB3306 /* SceneDelegate.swift in Sources */ = {isa = PBXBuildFile; fileRef = A547853A238869C500FB3306 /* SceneDelegate.swift */; };
		A5478543238869C500FB3306 /* SwitchCraft.xcdatamodeld in Sources */ = {isa = PBXBuildFile; fileRef = A5478541238869C500FB3306 /* SwitchCraft.xcdatamodeld */; };
		A5478545238869CA00FB3306 /* Assets.xcassets in Resources */ = {isa = PBXBuildFile; fileRef = A5478544238869CA00FB3306 /* Assets.xcassets */; };
		A5478548238869CA00FB3306 /* LaunchScreen.storyboard in Resources */ = {isa = PBXBuildFile; fileRef = A5478546238869CA00FB3306 /* LaunchScreen.storyboard */; };
		A5478553238869CB00FB3306 /* SwitchCraftTests.swift in Sources */ = {isa = PBXBuildFile; fileRef = A5478552238869CB00FB3306 /* SwitchCraftTests.swift */; };
		A58FB4042397696D004D544C /* AppUser.swift in Sources */ = {isa = PBXBuildFile; fileRef = A58FB4032397696D004D544C /* AppUser.swift */; };
		A58FB40623976D10004D544C /* FirebaseAuthService.swift in Sources */ = {isa = PBXBuildFile; fileRef = A58FB40523976D10004D544C /* FirebaseAuthService.swift */; };
		A58FB40823977353004D544C /* FirestoreService.swift in Sources */ = {isa = PBXBuildFile; fileRef = A58FB40723977353004D544C /* FirestoreService.swift */; };
		A58FB40A2397751B004D544C /* String+Validations.swift in Sources */ = {isa = PBXBuildFile; fileRef = A58FB4092397751B004D544C /* String+Validations.swift */; };
		A591147A2396007C007ED13F /* ProfileVC.swift in Sources */ = {isa = PBXBuildFile; fileRef = A59114792396007C007ED13F /* ProfileVC.swift */; };
		A591147C23960513007ED13F /* LogInVC.swift in Sources */ = {isa = PBXBuildFile; fileRef = A591147B23960513007ED13F /* LogInVC.swift */; };
		A591147E2396053E007ED13F /* SignUpVC.swift in Sources */ = {isa = PBXBuildFile; fileRef = A591147D2396053E007ED13F /* SignUpVC.swift */; };
		A59114812396066B007ED13F /* SwitchCraftTabBarVC.swift in Sources */ = {isa = PBXBuildFile; fileRef = A59114802396066B007ED13F /* SwitchCraftTabBarVC.swift */; };
		A5911483239607A3007ED13F /* HelpMeVC.swift in Sources */ = {isa = PBXBuildFile; fileRef = A5911482239607A3007ED13F /* HelpMeVC.swift */; };
		A5C9C12E23A97DDD007BF798 /* GoogleService-Info.plist in Resources */ = {isa = PBXBuildFile; fileRef = A5C9C12D23A97DDD007BF798 /* GoogleService-Info.plist */; };
		EA709B416A9BF064B3A502CF /* Pods_SwitchCraftTests.framework in Frameworks */ = {isa = PBXBuildFile; fileRef = FC107D4FE259D3598ABECCAD /* Pods_SwitchCraftTests.framework */; };
/* End PBXBuildFile section */

/* Begin PBXContainerItemProxy section */
		A547854F238869CB00FB3306 /* PBXContainerItemProxy */ = {
			isa = PBXContainerItemProxy;
			containerPortal = A547852D238869C500FB3306 /* Project object */;
			proxyType = 1;
			remoteGlobalIDString = A5478534238869C500FB3306;
			remoteInfo = SwitchCraft;
		};
/* End PBXContainerItemProxy section */

/* Begin PBXFileReference section */
		33560A5C2ED41B6025F6C86B /* Pods-SwitchCraft.release.xcconfig */ = {isa = PBXFileReference; includeInIndex = 1; lastKnownFileType = text.xcconfig; name = "Pods-SwitchCraft.release.xcconfig"; path = "Target Support Files/Pods-SwitchCraft/Pods-SwitchCraft.release.xcconfig"; sourceTree = "<group>"; };
		562B7C1A1D7E98E5958E593A /* Pods-SwitchCraftTests.release.xcconfig */ = {isa = PBXFileReference; includeInIndex = 1; lastKnownFileType = text.xcconfig; name = "Pods-SwitchCraftTests.release.xcconfig"; path = "Target Support Files/Pods-SwitchCraftTests/Pods-SwitchCraftTests.release.xcconfig"; sourceTree = "<group>"; };
		A5478535238869C500FB3306 /* SwitchCraft.app */ = {isa = PBXFileReference; explicitFileType = wrapper.application; includeInIndex = 0; path = SwitchCraft.app; sourceTree = BUILT_PRODUCTS_DIR; };
		A5478538238869C500FB3306 /* AppDelegate.swift */ = {isa = PBXFileReference; lastKnownFileType = sourcecode.swift; path = AppDelegate.swift; sourceTree = "<group>"; };
		A547853A238869C500FB3306 /* SceneDelegate.swift */ = {isa = PBXFileReference; lastKnownFileType = sourcecode.swift; path = SceneDelegate.swift; sourceTree = "<group>"; };
		A5478542238869C500FB3306 /* SwitchCraft.xcdatamodel */ = {isa = PBXFileReference; lastKnownFileType = wrapper.xcdatamodel; path = SwitchCraft.xcdatamodel; sourceTree = "<group>"; };
		A5478544238869CA00FB3306 /* Assets.xcassets */ = {isa = PBXFileReference; lastKnownFileType = folder.assetcatalog; path = Assets.xcassets; sourceTree = "<group>"; };
		A5478547238869CA00FB3306 /* Base */ = {isa = PBXFileReference; lastKnownFileType = file.storyboard; name = Base; path = Base.lproj/LaunchScreen.storyboard; sourceTree = "<group>"; };
		A5478549238869CB00FB3306 /* Info.plist */ = {isa = PBXFileReference; lastKnownFileType = text.plist.xml; path = Info.plist; sourceTree = "<group>"; };
		A547854E238869CB00FB3306 /* SwitchCraftTests.xctest */ = {isa = PBXFileReference; explicitFileType = wrapper.cfbundle; includeInIndex = 0; path = SwitchCraftTests.xctest; sourceTree = BUILT_PRODUCTS_DIR; };
		A5478552238869CB00FB3306 /* SwitchCraftTests.swift */ = {isa = PBXFileReference; lastKnownFileType = sourcecode.swift; path = SwitchCraftTests.swift; sourceTree = "<group>"; };
		A5478554238869CB00FB3306 /* Info.plist */ = {isa = PBXFileReference; lastKnownFileType = text.plist.xml; path = Info.plist; sourceTree = "<group>"; };
		A58FB4032397696D004D544C /* AppUser.swift */ = {isa = PBXFileReference; lastKnownFileType = sourcecode.swift; path = AppUser.swift; sourceTree = "<group>"; };
		A58FB40523976D10004D544C /* FirebaseAuthService.swift */ = {isa = PBXFileReference; lastKnownFileType = sourcecode.swift; path = FirebaseAuthService.swift; sourceTree = "<group>"; };
		A58FB40723977353004D544C /* FirestoreService.swift */ = {isa = PBXFileReference; lastKnownFileType = sourcecode.swift; path = FirestoreService.swift; sourceTree = "<group>"; };
		A58FB4092397751B004D544C /* String+Validations.swift */ = {isa = PBXFileReference; lastKnownFileType = sourcecode.swift; path = "String+Validations.swift"; sourceTree = "<group>"; };
		A59114792396007C007ED13F /* ProfileVC.swift */ = {isa = PBXFileReference; lastKnownFileType = sourcecode.swift; path = ProfileVC.swift; sourceTree = "<group>"; };
		A591147B23960513007ED13F /* LogInVC.swift */ = {isa = PBXFileReference; lastKnownFileType = sourcecode.swift; path = LogInVC.swift; sourceTree = "<group>"; };
		A591147D2396053E007ED13F /* SignUpVC.swift */ = {isa = PBXFileReference; lastKnownFileType = sourcecode.swift; path = SignUpVC.swift; sourceTree = "<group>"; };
		A59114802396066B007ED13F /* SwitchCraftTabBarVC.swift */ = {isa = PBXFileReference; lastKnownFileType = sourcecode.swift; path = SwitchCraftTabBarVC.swift; sourceTree = "<group>"; };
		A5911482239607A3007ED13F /* HelpMeVC.swift */ = {isa = PBXFileReference; lastKnownFileType = sourcecode.swift; path = HelpMeVC.swift; sourceTree = "<group>"; };
		A5C9C12D23A97DDD007BF798 /* GoogleService-Info.plist */ = {isa = PBXFileReference; fileEncoding = 4; lastKnownFileType = text.plist.xml; path = "GoogleService-Info.plist"; sourceTree = "<group>"; };
		B9228CA0A0E9220682FC01C3 /* Pods_SwitchCraft.framework */ = {isa = PBXFileReference; explicitFileType = wrapper.framework; includeInIndex = 0; path = Pods_SwitchCraft.framework; sourceTree = BUILT_PRODUCTS_DIR; };
		CAB01297042AFAF82A7FBEB4 /* Pods-SwitchCraftTests.debug.xcconfig */ = {isa = PBXFileReference; includeInIndex = 1; lastKnownFileType = text.xcconfig; name = "Pods-SwitchCraftTests.debug.xcconfig"; path = "Target Support Files/Pods-SwitchCraftTests/Pods-SwitchCraftTests.debug.xcconfig"; sourceTree = "<group>"; };
		CABA59F42ABF6977639A6C2F /* Pods-SwitchCraft.debug.xcconfig */ = {isa = PBXFileReference; includeInIndex = 1; lastKnownFileType = text.xcconfig; name = "Pods-SwitchCraft.debug.xcconfig"; path = "Target Support Files/Pods-SwitchCraft/Pods-SwitchCraft.debug.xcconfig"; sourceTree = "<group>"; };
		FC107D4FE259D3598ABECCAD /* Pods_SwitchCraftTests.framework */ = {isa = PBXFileReference; explicitFileType = wrapper.framework; includeInIndex = 0; path = Pods_SwitchCraftTests.framework; sourceTree = BUILT_PRODUCTS_DIR; };
/* End PBXFileReference section */

/* Begin PBXFrameworksBuildPhase section */
		A5478532238869C500FB3306 /* Frameworks */ = {
			isa = PBXFrameworksBuildPhase;
			buildActionMask = 2147483647;
			files = (
				0CCCC980C1F7BFC7EDA8164D /* Pods_SwitchCraft.framework in Frameworks */,
			);
			runOnlyForDeploymentPostprocessing = 0;
		};
		A547854B238869CB00FB3306 /* Frameworks */ = {
			isa = PBXFrameworksBuildPhase;
			buildActionMask = 2147483647;
			files = (
				EA709B416A9BF064B3A502CF /* Pods_SwitchCraftTests.framework in Frameworks */,
			);
			runOnlyForDeploymentPostprocessing = 0;
		};
/* End PBXFrameworksBuildPhase section */

/* Begin PBXGroup section */
		860BE20A7B31B3D5CA996D11 /* Pods */ = {
			isa = PBXGroup;
			children = (
				CABA59F42ABF6977639A6C2F /* Pods-SwitchCraft.debug.xcconfig */,
				33560A5C2ED41B6025F6C86B /* Pods-SwitchCraft.release.xcconfig */,
				CAB01297042AFAF82A7FBEB4 /* Pods-SwitchCraftTests.debug.xcconfig */,
				562B7C1A1D7E98E5958E593A /* Pods-SwitchCraftTests.release.xcconfig */,
			);
			path = Pods;
			sourceTree = "<group>";
		};
		A547852C238869C500FB3306 = {
			isa = PBXGroup;
			children = (
				A5478537238869C500FB3306 /* SwitchCraft */,
				A5478551238869CB00FB3306 /* SwitchCraftTests */,
				A5478536238869C500FB3306 /* Products */,
				860BE20A7B31B3D5CA996D11 /* Pods */,
				DF5F408657D055B3F578FA02 /* Frameworks */,
			);
			sourceTree = "<group>";
		};
		A5478536238869C500FB3306 /* Products */ = {
			isa = PBXGroup;
			children = (
				A5478535238869C500FB3306 /* SwitchCraft.app */,
				A547854E238869CB00FB3306 /* SwitchCraftTests.xctest */,
			);
			name = Products;
			sourceTree = "<group>";
		};
		A5478537238869C500FB3306 /* SwitchCraft */ = {
			isa = PBXGroup;
			children = (
				A59114732395F9FA007ED13F /* Controllers */,
				A59114722395F9D6007ED13F /* Models */,
				A59114712395F9A6007ED13F /* Utilities */,
				A59114702395F87A007ED13F /* SupportingFiles */,
				A5478544238869CA00FB3306 /* Assets.xcassets */,
				A5478549238869CB00FB3306 /* Info.plist */,
				A5C9C12D23A97DDD007BF798 /* GoogleService-Info.plist */,
				A5478541238869C500FB3306 /* SwitchCraft.xcdatamodeld */,
			);
			path = SwitchCraft;
			sourceTree = "<group>";
		};
		A5478551238869CB00FB3306 /* SwitchCraftTests */ = {
			isa = PBXGroup;
			children = (
				A5478552238869CB00FB3306 /* SwitchCraftTests.swift */,
				A5478554238869CB00FB3306 /* Info.plist */,
			);
			path = SwitchCraftTests;
			sourceTree = "<group>";
		};
		A59114702395F87A007ED13F /* SupportingFiles */ = {
			isa = PBXGroup;
			children = (
				A5478538238869C500FB3306 /* AppDelegate.swift */,
				A547853A238869C500FB3306 /* SceneDelegate.swift */,
				A5478546238869CA00FB3306 /* LaunchScreen.storyboard */,
			);
			path = SupportingFiles;
			sourceTree = "<group>";
		};
		A59114712395F9A6007ED13F /* Utilities */ = {
			isa = PBXGroup;
			children = (
				A59114752395FA7F007ED13F /* Firebase */,
				A59114742395FA62007ED13F /* Extensions */,
			);
			path = Utilities;
			sourceTree = "<group>";
		};
		A59114722395F9D6007ED13F /* Models */ = {
			isa = PBXGroup;
			children = (
				A58FB4032397696D004D544C /* AppUser.swift */,
			);
			path = Models;
			sourceTree = "<group>";
		};
		A59114732395F9FA007ED13F /* Controllers */ = {
			isa = PBXGroup;
			children = (
				A591147F239605B6007ED13F /* Tab+Navigation */,
				A59114762395FC23007ED13F /* Authentication */,
				A59114782395FC7F007ED13F /* Users */,
				A59114772395FC57007ED13F /* Posts */,
			);
			path = Controllers;
			sourceTree = "<group>";
		};
		A59114742395FA62007ED13F /* Extensions */ = {
			isa = PBXGroup;
			children = (
				A58FB4092397751B004D544C /* String+Validations.swift */,
			);
			path = Extensions;
			sourceTree = "<group>";
		};
		A59114752395FA7F007ED13F /* Firebase */ = {
			isa = PBXGroup;
			children = (
				A58FB40523976D10004D544C /* FirebaseAuthService.swift */,
				A58FB40723977353004D544C /* FirestoreService.swift */,
			);
			path = Firebase;
			sourceTree = "<group>";
		};
		A59114762395FC23007ED13F /* Authentication */ = {
			isa = PBXGroup;
			children = (
				A591147B23960513007ED13F /* LogInVC.swift */,
				A591147D2396053E007ED13F /* SignUpVC.swift */,
			);
			path = Authentication;
			sourceTree = "<group>";
		};
		A59114772395FC57007ED13F /* Posts */ = {
			isa = PBXGroup;
			children = (
				A5911482239607A3007ED13F /* HelpMeVC.swift */,
			);
			path = Posts;
			sourceTree = "<group>";
		};
		A59114782395FC7F007ED13F /* Users */ = {
			isa = PBXGroup;
			children = (
				A59114792396007C007ED13F /* ProfileVC.swift */,
			);
			path = Users;
			sourceTree = "<group>";
		};
		A591147F239605B6007ED13F /* Tab+Navigation */ = {
			isa = PBXGroup;
			children = (
				A59114802396066B007ED13F /* SwitchCraftTabBarVC.swift */,
			);
			path = "Tab+Navigation";
			sourceTree = "<group>";
		};
		DF5F408657D055B3F578FA02 /* Frameworks */ = {
			isa = PBXGroup;
			children = (
				B9228CA0A0E9220682FC01C3 /* Pods_SwitchCraft.framework */,
				FC107D4FE259D3598ABECCAD /* Pods_SwitchCraftTests.framework */,
			);
			name = Frameworks;
			sourceTree = "<group>";
		};
/* End PBXGroup section */

/* Begin PBXNativeTarget section */
		A5478534238869C500FB3306 /* SwitchCraft */ = {
			isa = PBXNativeTarget;
			buildConfigurationList = A5478557238869CB00FB3306 /* Build configuration list for PBXNativeTarget "SwitchCraft" */;
			buildPhases = (
				07DF6845E23452775FC6D62A /* [CP] Check Pods Manifest.lock */,
				A5478531238869C500FB3306 /* Sources */,
				A5478532238869C500FB3306 /* Frameworks */,
				A5478533238869C500FB3306 /* Resources */,
				B976C3C0E24F79E56E5EC571 /* [CP] Embed Pods Frameworks */,
			);
			buildRules = (
			);
			dependencies = (
			);
			name = SwitchCraft;
			productName = SwitchCraft;
			productReference = A5478535238869C500FB3306 /* SwitchCraft.app */;
			productType = "com.apple.product-type.application";
		};
		A547854D238869CB00FB3306 /* SwitchCraftTests */ = {
			isa = PBXNativeTarget;
			buildConfigurationList = A547855A238869CB00FB3306 /* Build configuration list for PBXNativeTarget "SwitchCraftTests" */;
			buildPhases = (
				193E3288FDB2149FBE2780BC /* [CP] Check Pods Manifest.lock */,
				A547854A238869CB00FB3306 /* Sources */,
				A547854B238869CB00FB3306 /* Frameworks */,
				A547854C238869CB00FB3306 /* Resources */,
			);
			buildRules = (
			);
			dependencies = (
				A5478550238869CB00FB3306 /* PBXTargetDependency */,
			);
			name = SwitchCraftTests;
			productName = SwitchCraftTests;
			productReference = A547854E238869CB00FB3306 /* SwitchCraftTests.xctest */;
			productType = "com.apple.product-type.bundle.unit-test";
		};
/* End PBXNativeTarget section */

/* Begin PBXProject section */
		A547852D238869C500FB3306 /* Project object */ = {
			isa = PBXProject;
			attributes = {
				LastSwiftUpdateCheck = 1110;
				LastUpgradeCheck = 1110;
				ORGANIZATIONNAME = "Liana Norman";
				TargetAttributes = {
					A5478534238869C500FB3306 = {
						CreatedOnToolsVersion = 11.1;
					};
					A547854D238869CB00FB3306 = {
						CreatedOnToolsVersion = 11.1;
						TestTargetID = A5478534238869C500FB3306;
					};
				};
			};
			buildConfigurationList = A5478530238869C500FB3306 /* Build configuration list for PBXProject "SwitchCraft" */;
			compatibilityVersion = "Xcode 9.3";
			developmentRegion = en;
			hasScannedForEncodings = 0;
			knownRegions = (
				en,
				Base,
			);
			mainGroup = A547852C238869C500FB3306;
			productRefGroup = A5478536238869C500FB3306 /* Products */;
			projectDirPath = "";
			projectRoot = "";
			targets = (
				A5478534238869C500FB3306 /* SwitchCraft */,
				A547854D238869CB00FB3306 /* SwitchCraftTests */,
			);
		};
/* End PBXProject section */

/* Begin PBXResourcesBuildPhase section */
		A5478533238869C500FB3306 /* Resources */ = {
			isa = PBXResourcesBuildPhase;
			buildActionMask = 2147483647;
			files = (
				A5478548238869CA00FB3306 /* LaunchScreen.storyboard in Resources */,
				A5478545238869CA00FB3306 /* Assets.xcassets in Resources */,
				A5C9C12E23A97DDD007BF798 /* GoogleService-Info.plist in Resources */,
			);
			runOnlyForDeploymentPostprocessing = 0;
		};
		A547854C238869CB00FB3306 /* Resources */ = {
			isa = PBXResourcesBuildPhase;
			buildActionMask = 2147483647;
			files = (
			);
			runOnlyForDeploymentPostprocessing = 0;
		};
/* End PBXResourcesBuildPhase section */

/* Begin PBXShellScriptBuildPhase section */
		07DF6845E23452775FC6D62A /* [CP] Check Pods Manifest.lock */ = {
			isa = PBXShellScriptBuildPhase;
			buildActionMask = 2147483647;
			files = (
			);
			inputFileListPaths = (
			);
			inputPaths = (
				"${PODS_PODFILE_DIR_PATH}/Podfile.lock",
				"${PODS_ROOT}/Manifest.lock",
			);
			name = "[CP] Check Pods Manifest.lock";
			outputFileListPaths = (
			);
			outputPaths = (
				"$(DERIVED_FILE_DIR)/Pods-SwitchCraft-checkManifestLockResult.txt",
			);
			runOnlyForDeploymentPostprocessing = 0;
			shellPath = /bin/sh;
			shellScript = "diff \"${PODS_PODFILE_DIR_PATH}/Podfile.lock\" \"${PODS_ROOT}/Manifest.lock\" > /dev/null\nif [ $? != 0 ] ; then\n    # print error to STDERR\n    echo \"error: The sandbox is not in sync with the Podfile.lock. Run 'pod install' or update your CocoaPods installation.\" >&2\n    exit 1\nfi\n# This output is used by Xcode 'outputs' to avoid re-running this script phase.\necho \"SUCCESS\" > \"${SCRIPT_OUTPUT_FILE_0}\"\n";
			showEnvVarsInLog = 0;
		};
		193E3288FDB2149FBE2780BC /* [CP] Check Pods Manifest.lock */ = {
			isa = PBXShellScriptBuildPhase;
			buildActionMask = 2147483647;
			files = (
			);
			inputFileListPaths = (
			);
			inputPaths = (
				"${PODS_PODFILE_DIR_PATH}/Podfile.lock",
				"${PODS_ROOT}/Manifest.lock",
			);
			name = "[CP] Check Pods Manifest.lock";
			outputFileListPaths = (
			);
			outputPaths = (
				"$(DERIVED_FILE_DIR)/Pods-SwitchCraftTests-checkManifestLockResult.txt",
			);
			runOnlyForDeploymentPostprocessing = 0;
			shellPath = /bin/sh;
			shellScript = "diff \"${PODS_PODFILE_DIR_PATH}/Podfile.lock\" \"${PODS_ROOT}/Manifest.lock\" > /dev/null\nif [ $? != 0 ] ; then\n    # print error to STDERR\n    echo \"error: The sandbox is not in sync with the Podfile.lock. Run 'pod install' or update your CocoaPods installation.\" >&2\n    exit 1\nfi\n# This output is used by Xcode 'outputs' to avoid re-running this script phase.\necho \"SUCCESS\" > \"${SCRIPT_OUTPUT_FILE_0}\"\n";
			showEnvVarsInLog = 0;
		};
		B976C3C0E24F79E56E5EC571 /* [CP] Embed Pods Frameworks */ = {
			isa = PBXShellScriptBuildPhase;
			buildActionMask = 2147483647;
			files = (
			);
			inputFileListPaths = (
				"${PODS_ROOT}/Target Support Files/Pods-SwitchCraft/Pods-SwitchCraft-frameworks-${CONFIGURATION}-input-files.xcfilelist",
			);
			name = "[CP] Embed Pods Frameworks";
			outputFileListPaths = (
				"${PODS_ROOT}/Target Support Files/Pods-SwitchCraft/Pods-SwitchCraft-frameworks-${CONFIGURATION}-output-files.xcfilelist",
			);
			runOnlyForDeploymentPostprocessing = 0;
			shellPath = /bin/sh;
			shellScript = "\"${PODS_ROOT}/Target Support Files/Pods-SwitchCraft/Pods-SwitchCraft-frameworks.sh\"\n";
			showEnvVarsInLog = 0;
		};
/* End PBXShellScriptBuildPhase section */

/* Begin PBXSourcesBuildPhase section */
		A5478531238869C500FB3306 /* Sources */ = {
			isa = PBXSourcesBuildPhase;
			buildActionMask = 2147483647;
			files = (
				A58FB40623976D10004D544C /* FirebaseAuthService.swift in Sources */,
				A591147A2396007C007ED13F /* ProfileVC.swift in Sources */,
				A58FB4042397696D004D544C /* AppUser.swift in Sources */,
				A58FB40823977353004D544C /* FirestoreService.swift in Sources */,
				A59114812396066B007ED13F /* SwitchCraftTabBarVC.swift in Sources */,
				A5478539238869C500FB3306 /* AppDelegate.swift in Sources */,
				A5478543238869C500FB3306 /* SwitchCraft.xcdatamodeld in Sources */,
				A591147C23960513007ED13F /* LogInVC.swift in Sources */,
				A5911483239607A3007ED13F /* HelpMeVC.swift in Sources */,
				A591147E2396053E007ED13F /* SignUpVC.swift in Sources */,
				A547853B238869C500FB3306 /* SceneDelegate.swift in Sources */,
				A58FB40A2397751B004D544C /* String+Validations.swift in Sources */,
			);
			runOnlyForDeploymentPostprocessing = 0;
		};
		A547854A238869CB00FB3306 /* Sources */ = {
			isa = PBXSourcesBuildPhase;
			buildActionMask = 2147483647;
			files = (
				A5478553238869CB00FB3306 /* SwitchCraftTests.swift in Sources */,
			);
			runOnlyForDeploymentPostprocessing = 0;
		};
/* End PBXSourcesBuildPhase section */

/* Begin PBXTargetDependency section */
		A5478550238869CB00FB3306 /* PBXTargetDependency */ = {
			isa = PBXTargetDependency;
			target = A5478534238869C500FB3306 /* SwitchCraft */;
			targetProxy = A547854F238869CB00FB3306 /* PBXContainerItemProxy */;
		};
/* End PBXTargetDependency section */

/* Begin PBXVariantGroup section */
		A5478546238869CA00FB3306 /* LaunchScreen.storyboard */ = {
			isa = PBXVariantGroup;
			children = (
				A5478547238869CA00FB3306 /* Base */,
			);
			name = LaunchScreen.storyboard;
			sourceTree = "<group>";
		};
/* End PBXVariantGroup section */

/* Begin XCBuildConfiguration section */
		A5478555238869CB00FB3306 /* Debug */ = {
			isa = XCBuildConfiguration;
			buildSettings = {
				ALWAYS_SEARCH_USER_PATHS = NO;
				CLANG_ANALYZER_NONNULL = YES;
				CLANG_ANALYZER_NUMBER_OBJECT_CONVERSION = YES_AGGRESSIVE;
				CLANG_CXX_LANGUAGE_STANDARD = "gnu++14";
				CLANG_CXX_LIBRARY = "libc++";
				CLANG_ENABLE_MODULES = YES;
				CLANG_ENABLE_OBJC_ARC = YES;
				CLANG_ENABLE_OBJC_WEAK = YES;
				CLANG_WARN_BLOCK_CAPTURE_AUTORELEASING = YES;
				CLANG_WARN_BOOL_CONVERSION = YES;
				CLANG_WARN_COMMA = YES;
				CLANG_WARN_CONSTANT_CONVERSION = YES;
				CLANG_WARN_DEPRECATED_OBJC_IMPLEMENTATIONS = YES;
				CLANG_WARN_DIRECT_OBJC_ISA_USAGE = YES_ERROR;
				CLANG_WARN_DOCUMENTATION_COMMENTS = YES;
				CLANG_WARN_EMPTY_BODY = YES;
				CLANG_WARN_ENUM_CONVERSION = YES;
				CLANG_WARN_INFINITE_RECURSION = YES;
				CLANG_WARN_INT_CONVERSION = YES;
				CLANG_WARN_NON_LITERAL_NULL_CONVERSION = YES;
				CLANG_WARN_OBJC_IMPLICIT_RETAIN_SELF = YES;
				CLANG_WARN_OBJC_LITERAL_CONVERSION = YES;
				CLANG_WARN_OBJC_ROOT_CLASS = YES_ERROR;
				CLANG_WARN_RANGE_LOOP_ANALYSIS = YES;
				CLANG_WARN_STRICT_PROTOTYPES = YES;
				CLANG_WARN_SUSPICIOUS_MOVE = YES;
				CLANG_WARN_UNGUARDED_AVAILABILITY = YES_AGGRESSIVE;
				CLANG_WARN_UNREACHABLE_CODE = YES;
				CLANG_WARN__DUPLICATE_METHOD_MATCH = YES;
				COPY_PHASE_STRIP = NO;
				DEBUG_INFORMATION_FORMAT = dwarf;
				ENABLE_STRICT_OBJC_MSGSEND = YES;
				ENABLE_TESTABILITY = YES;
				GCC_C_LANGUAGE_STANDARD = gnu11;
				GCC_DYNAMIC_NO_PIC = NO;
				GCC_NO_COMMON_BLOCKS = YES;
				GCC_OPTIMIZATION_LEVEL = 0;
				GCC_PREPROCESSOR_DEFINITIONS = (
					"DEBUG=1",
					"$(inherited)",
				);
				GCC_WARN_64_TO_32_BIT_CONVERSION = YES;
				GCC_WARN_ABOUT_RETURN_TYPE = YES_ERROR;
				GCC_WARN_UNDECLARED_SELECTOR = YES;
				GCC_WARN_UNINITIALIZED_AUTOS = YES_AGGRESSIVE;
				GCC_WARN_UNUSED_FUNCTION = YES;
				GCC_WARN_UNUSED_VARIABLE = YES;
				IPHONEOS_DEPLOYMENT_TARGET = 13.1;
				MTL_ENABLE_DEBUG_INFO = INCLUDE_SOURCE;
				MTL_FAST_MATH = YES;
				ONLY_ACTIVE_ARCH = YES;
				SDKROOT = iphoneos;
				SWIFT_ACTIVE_COMPILATION_CONDITIONS = DEBUG;
				SWIFT_OPTIMIZATION_LEVEL = "-Onone";
			};
			name = Debug;
		};
		A5478556238869CB00FB3306 /* Release */ = {
			isa = XCBuildConfiguration;
			buildSettings = {
				ALWAYS_SEARCH_USER_PATHS = NO;
				CLANG_ANALYZER_NONNULL = YES;
				CLANG_ANALYZER_NUMBER_OBJECT_CONVERSION = YES_AGGRESSIVE;
				CLANG_CXX_LANGUAGE_STANDARD = "gnu++14";
				CLANG_CXX_LIBRARY = "libc++";
				CLANG_ENABLE_MODULES = YES;
				CLANG_ENABLE_OBJC_ARC = YES;
				CLANG_ENABLE_OBJC_WEAK = YES;
				CLANG_WARN_BLOCK_CAPTURE_AUTORELEASING = YES;
				CLANG_WARN_BOOL_CONVERSION = YES;
				CLANG_WARN_COMMA = YES;
				CLANG_WARN_CONSTANT_CONVERSION = YES;
				CLANG_WARN_DEPRECATED_OBJC_IMPLEMENTATIONS = YES;
				CLANG_WARN_DIRECT_OBJC_ISA_USAGE = YES_ERROR;
				CLANG_WARN_DOCUMENTATION_COMMENTS = YES;
				CLANG_WARN_EMPTY_BODY = YES;
				CLANG_WARN_ENUM_CONVERSION = YES;
				CLANG_WARN_INFINITE_RECURSION = YES;
				CLANG_WARN_INT_CONVERSION = YES;
				CLANG_WARN_NON_LITERAL_NULL_CONVERSION = YES;
				CLANG_WARN_OBJC_IMPLICIT_RETAIN_SELF = YES;
				CLANG_WARN_OBJC_LITERAL_CONVERSION = YES;
				CLANG_WARN_OBJC_ROOT_CLASS = YES_ERROR;
				CLANG_WARN_RANGE_LOOP_ANALYSIS = YES;
				CLANG_WARN_STRICT_PROTOTYPES = YES;
				CLANG_WARN_SUSPICIOUS_MOVE = YES;
				CLANG_WARN_UNGUARDED_AVAILABILITY = YES_AGGRESSIVE;
				CLANG_WARN_UNREACHABLE_CODE = YES;
				CLANG_WARN__DUPLICATE_METHOD_MATCH = YES;
				COPY_PHASE_STRIP = NO;
				DEBUG_INFORMATION_FORMAT = "dwarf-with-dsym";
				ENABLE_NS_ASSERTIONS = NO;
				ENABLE_STRICT_OBJC_MSGSEND = YES;
				GCC_C_LANGUAGE_STANDARD = gnu11;
				GCC_NO_COMMON_BLOCKS = YES;
				GCC_WARN_64_TO_32_BIT_CONVERSION = YES;
				GCC_WARN_ABOUT_RETURN_TYPE = YES_ERROR;
				GCC_WARN_UNDECLARED_SELECTOR = YES;
				GCC_WARN_UNINITIALIZED_AUTOS = YES_AGGRESSIVE;
				GCC_WARN_UNUSED_FUNCTION = YES;
				GCC_WARN_UNUSED_VARIABLE = YES;
				IPHONEOS_DEPLOYMENT_TARGET = 13.1;
				MTL_ENABLE_DEBUG_INFO = NO;
				MTL_FAST_MATH = YES;
				SDKROOT = iphoneos;
				SWIFT_COMPILATION_MODE = wholemodule;
				SWIFT_OPTIMIZATION_LEVEL = "-O";
				VALIDATE_PRODUCT = YES;
			};
			name = Release;
		};
		A5478558238869CB00FB3306 /* Debug */ = {
			isa = XCBuildConfiguration;
			baseConfigurationReference = CABA59F42ABF6977639A6C2F /* Pods-SwitchCraft.debug.xcconfig */;
			buildSettings = {
				ASSETCATALOG_COMPILER_APPICON_NAME = AppIcon;
				CODE_SIGN_STYLE = Automatic;
				INFOPLIST_FILE = SwitchCraft/Info.plist;
				LD_RUNPATH_SEARCH_PATHS = (
					"$(inherited)",
					"@executable_path/Frameworks",
				);
				PRODUCT_BUNDLE_IDENTIFIER = "Pursuit-Projects.SwitchCraft";
				PRODUCT_NAME = "$(TARGET_NAME)";
				SWIFT_VERSION = 5.0;
				TARGETED_DEVICE_FAMILY = "1,2";
			};
			name = Debug;
		};
		A5478559238869CB00FB3306 /* Release */ = {
			isa = XCBuildConfiguration;
			baseConfigurationReference = 33560A5C2ED41B6025F6C86B /* Pods-SwitchCraft.release.xcconfig */;
			buildSettings = {
				ASSETCATALOG_COMPILER_APPICON_NAME = AppIcon;
				CODE_SIGN_STYLE = Automatic;
				INFOPLIST_FILE = SwitchCraft/Info.plist;
				LD_RUNPATH_SEARCH_PATHS = (
					"$(inherited)",
					"@executable_path/Frameworks",
				);
				PRODUCT_BUNDLE_IDENTIFIER = "Pursuit-Projects.SwitchCraft";
				PRODUCT_NAME = "$(TARGET_NAME)";
				SWIFT_VERSION = 5.0;
				TARGETED_DEVICE_FAMILY = "1,2";
			};
			name = Release;
		};
		A547855B238869CB00FB3306 /* Debug */ = {
			isa = XCBuildConfiguration;
			baseConfigurationReference = CAB01297042AFAF82A7FBEB4 /* Pods-SwitchCraftTests.debug.xcconfig */;
			buildSettings = {
				ALWAYS_EMBED_SWIFT_STANDARD_LIBRARIES = YES;
				BUNDLE_LOADER = "$(TEST_HOST)";
				CODE_SIGN_STYLE = Automatic;
				INFOPLIST_FILE = SwitchCraftTests/Info.plist;
				IPHONEOS_DEPLOYMENT_TARGET = 13.1;
				LD_RUNPATH_SEARCH_PATHS = (
					"$(inherited)",
					"@executable_path/Frameworks",
					"@loader_path/Frameworks",
				);
				PRODUCT_BUNDLE_IDENTIFIER = "Pursuit-Projects.SwitchCraftTests";
				PRODUCT_NAME = "$(TARGET_NAME)";
				SWIFT_VERSION = 5.0;
				TARGETED_DEVICE_FAMILY = "1,2";
				TEST_HOST = "$(BUILT_PRODUCTS_DIR)/SwitchCraft.app/SwitchCraft";
			};
			name = Debug;
		};
		A547855C238869CB00FB3306 /* Release */ = {
			isa = XCBuildConfiguration;
			baseConfigurationReference = 562B7C1A1D7E98E5958E593A /* Pods-SwitchCraftTests.release.xcconfig */;
			buildSettings = {
				ALWAYS_EMBED_SWIFT_STANDARD_LIBRARIES = YES;
				BUNDLE_LOADER = "$(TEST_HOST)";
				CODE_SIGN_STYLE = Automatic;
				INFOPLIST_FILE = SwitchCraftTests/Info.plist;
				IPHONEOS_DEPLOYMENT_TARGET = 13.1;
				LD_RUNPATH_SEARCH_PATHS = (
					"$(inherited)",
					"@executable_path/Frameworks",
					"@loader_path/Frameworks",
				);
				PRODUCT_BUNDLE_IDENTIFIER = "Pursuit-Projects.SwitchCraftTests";
				PRODUCT_NAME = "$(TARGET_NAME)";
				SWIFT_VERSION = 5.0;
				TARGETED_DEVICE_FAMILY = "1,2";
				TEST_HOST = "$(BUILT_PRODUCTS_DIR)/SwitchCraft.app/SwitchCraft";
			};
			name = Release;
		};
/* End XCBuildConfiguration section */

/* Begin XCConfigurationList section */
		A5478530238869C500FB3306 /* Build configuration list for PBXProject "SwitchCraft" */ = {
			isa = XCConfigurationList;
			buildConfigurations = (
				A5478555238869CB00FB3306 /* Debug */,
				A5478556238869CB00FB3306 /* Release */,
			);
			defaultConfigurationIsVisible = 0;
			defaultConfigurationName = Release;
		};
		A5478557238869CB00FB3306 /* Build configuration list for PBXNativeTarget "SwitchCraft" */ = {
			isa = XCConfigurationList;
			buildConfigurations = (
				A5478558238869CB00FB3306 /* Debug */,
				A5478559238869CB00FB3306 /* Release */,
			);
			defaultConfigurationIsVisible = 0;
			defaultConfigurationName = Release;
		};
		A547855A238869CB00FB3306 /* Build configuration list for PBXNativeTarget "SwitchCraftTests" */ = {
			isa = XCConfigurationList;
			buildConfigurations = (
				A547855B238869CB00FB3306 /* Debug */,
				A547855C238869CB00FB3306 /* Release */,
			);
			defaultConfigurationIsVisible = 0;
			defaultConfigurationName = Release;
		};
/* End XCConfigurationList section */

/* Begin XCVersionGroup section */
		A5478541238869C500FB3306 /* SwitchCraft.xcdatamodeld */ = {
			isa = XCVersionGroup;
			children = (
				A5478542238869C500FB3306 /* SwitchCraft.xcdatamodel */,
			);
			currentVersion = A5478542238869C500FB3306 /* SwitchCraft.xcdatamodel */;
			path = SwitchCraft.xcdatamodeld;
			sourceTree = "<group>";
			versionGroupType = wrapper.xcdatamodel;
		};
/* End XCVersionGroup section */
	};
	rootObject = A547852D238869C500FB3306 /* Project object */;
}
